
Microsoft Visual Studio Solution File, Format Version 12.00
# Visual Studio 14
VisualStudioVersion = 14.0.23107.0
MinimumVisualStudioVersion = 10.0.40219.1
Project("{FAE04EC0-301F-11D3-BF4B-00C04F79EFBC}") = "Exercises.WebForm", "Exercises.WebForm\Exercises.WebForm.csproj", "{9228B59D-4D08-49C2-9CE1-5018CD142693}"
EndProject
Global
	GlobalSection(SolutionConfigurationPlatforms) = preSolution
		Debug|Any CPU = Debug|Any CPU
		Release|Any CPU = Release|Any CPU
	EndGlobalSection
	GlobalSection(ProjectConfigurationPlatforms) = postSolution
		{9228B59D-4D08-49C2-9CE1-5018CD142693}.Debug|Any CPU.ActiveCfg = Debug|Any CPU
		{9228B59D-4D08-49C2-9CE1-5018CD142693}.Debug|Any CPU.Build.0 = Debug|Any CPU
		{9228B59D-4D08-49C2-9CE1-5018CD142693}.Release|Any CPU.ActiveCfg = Release|Any CPU
		{9228B59D-4D08-49C2-9CE1-5018CD142693}.Release|Any CPU.Build.0 = Release|Any CPU
	EndGlobalSection
	GlobalSection(SolutionProperties) = preSolution
		HideSolutionNode = FALSE
	EndGlobalSection
EndGlobal
